
Microsoft Visual Studio Solution File, Format Version 11.00
# Visual Studio 2010
Project("{FAE04EC0-301F-11D3-BF4B-00C04F79EFBC}") = "Toprope", "Toprope\Toprope.csproj", "{0E8EB180-E02C-46EA-B963-DD10B29F4D50}"
EndProject
Project("{FAE04EC0-301F-11D3-BF4B-00C04F79EFBC}") = "Toprope.Resources", "Toprope.Resources\Toprope.Resources.csproj", "{E4344833-A250-4B90-BEE3-1F2E1267FDA2}"
EndProject
Project("{FAE04EC0-301F-11D3-BF4B-00C04F79EFBC}") = "Toprope.Aggregator", "Toprope.Aggregator\Toprope.Aggregator.csproj", "{2E35EA31-98AC-4ABB-A19C-9E5540A38647}"
EndProject
Global
	GlobalSection(SolutionConfigurationPlatforms) = preSolution
		Debug|Any CPU = Debug|Any CPU
		Debug|Mixed Platforms = Debug|Mixed Platforms
		Debug|x86 = Debug|x86
		Release|Any CPU = Release|Any CPU
		Release|Mixed Platforms = Release|Mixed Platforms
		Release|x86 = Release|x86
	EndGlobalSection
	GlobalSection(ProjectConfigurationPlatforms) = postSolution
		{0E8EB180-E02C-46EA-B963-DD10B29F4D50}.Debug|Any CPU.ActiveCfg = Debug|Any CPU
		{0E8EB180-E02C-46EA-B963-DD10B29F4D50}.Debug|Any CPU.Build.0 = Debug|Any CPU
		{0E8EB180-E02C-46EA-B963-DD10B29F4D50}.Debug|Mixed Platforms.ActiveCfg = Debug|Any CPU
		{0E8EB180-E02C-46EA-B963-DD10B29F4D50}.Debug|Mixed Platforms.Build.0 = Debug|Any CPU
		{0E8EB180-E02C-46EA-B963-DD10B29F4D50}.Debug|x86.ActiveCfg = Debug|Any CPU
		{0E8EB180-E02C-46EA-B963-DD10B29F4D50}.Release|Any CPU.ActiveCfg = Release|Any CPU
		{0E8EB180-E02C-46EA-B963-DD10B29F4D50}.Release|Any CPU.Build.0 = Release|Any CPU
		{0E8EB180-E02C-46EA-B963-DD10B29F4D50}.Release|Mixed Platforms.ActiveCfg = Release|Any CPU
		{0E8EB180-E02C-46EA-B963-DD10B29F4D50}.Release|Mixed Platforms.Build.0 = Release|Any CPU
		{0E8EB180-E02C-46EA-B963-DD10B29F4D50}.Release|x86.ActiveCfg = Release|Any CPU
		{E4344833-A250-4B90-BEE3-1F2E1267FDA2}.Debug|Any CPU.ActiveCfg = Debug|Any CPU
		{E4344833-A250-4B90-BEE3-1F2E1267FDA2}.Debug|Any CPU.Build.0 = Debug|Any CPU
		{E4344833-A250-4B90-BEE3-1F2E1267FDA2}.Debug|Mixed Platforms.ActiveCfg = Debug|Any CPU
		{E4344833-A250-4B90-BEE3-1F2E1267FDA2}.Debug|Mixed Platforms.Build.0 = Debug|Any CPU
		{E4344833-A250-4B90-BEE3-1F2E1267FDA2}.Debug|x86.ActiveCfg = Debug|Any CPU
		{E4344833-A250-4B90-BEE3-1F2E1267FDA2}.Release|Any CPU.ActiveCfg = Release|Any CPU
		{E4344833-A250-4B90-BEE3-1F2E1267FDA2}.Release|Any CPU.Build.0 = Release|Any CPU
		{E4344833-A250-4B90-BEE3-1F2E1267FDA2}.Release|Mixed Platforms.ActiveCfg = Release|Any CPU
		{E4344833-A250-4B90-BEE3-1F2E1267FDA2}.Release|Mixed Platforms.Build.0 = Release|Any CPU
		{E4344833-A250-4B90-BEE3-1F2E1267FDA2}.Release|x86.ActiveCfg = Release|Any CPU
		{2E35EA31-98AC-4ABB-A19C-9E5540A38647}.Debug|Any CPU.ActiveCfg = Debug|x86
		{2E35EA31-98AC-4ABB-A19C-9E5540A38647}.Debug|Any CPU.Build.0 = Debug|x86
		{2E35EA31-98AC-4ABB-A19C-9E5540A38647}.Debug|Mixed Platforms.ActiveCfg = Debug|x86
		{2E35EA31-98AC-4ABB-A19C-9E5540A38647}.Debug|Mixed Platforms.Build.0 = Debug|x86
		{2E35EA31-98AC-4ABB-A19C-9E5540A38647}.Debug|x86.ActiveCfg = Debug|x86
		{2E35EA31-98AC-4ABB-A19C-9E5540A38647}.Debug|x86.Build.0 = Debug|x86
		{2E35EA31-98AC-4ABB-A19C-9E5540A38647}.Release|Any CPU.ActiveCfg = Release|x86
		{2E35EA31-98AC-4ABB-A19C-9E5540A38647}.Release|Mixed Platforms.ActiveCfg = Release|x86
		{2E35EA31-98AC-4ABB-A19C-9E5540A38647}.Release|Mixed Platforms.Build.0 = Release|x86
		{2E35EA31-98AC-4ABB-A19C-9E5540A38647}.Release|x86.ActiveCfg = Release|x86
		{2E35EA31-98AC-4ABB-A19C-9E5540A38647}.Release|x86.Build.0 = Release|x86
	EndGlobalSection
	GlobalSection(SolutionProperties) = preSolution
		HideSolutionNode = FALSE
	EndGlobalSection
EndGlobal
